
Microsoft Visual Studio Solution File, Format Version 12.00
# Visual Studio Version 16
VisualStudioVersion = 16.0.30717.126
MinimumVisualStudioVersion = 10.0.40219.1
Project("{FAE04EC0-301F-11D3-BF4B-00C04F79EFBC}") = "lv5", "lv5.csproj", "{EAC88832-B0F9-47F7-BFFB-6C30BD5EA31C}"
EndProject
Global
	GlobalSection(SolutionConfigurationPlatforms) = preSolution
		Debug|Any CPU = Debug|Any CPU
		Release|Any CPU = Release|Any CPU
	EndGlobalSection
	GlobalSection(ProjectConfigurationPlatforms) = postSolution
		{EAC88832-B0F9-47F7-BFFB-6C30BD5EA31C}.Debug|Any CPU.ActiveCfg = Debug|Any CPU
		{EAC88832-B0F9-47F7-BFFB-6C30BD5EA31C}.Debug|Any CPU.Build.0 = Debug|Any CPU
		{EAC88832-B0F9-47F7-BFFB-6C30BD5EA31C}.Release|Any CPU.ActiveCfg = Release|Any CPU
		{EAC88832-B0F9-47F7-BFFB-6C30BD5EA31C}.Release|Any CPU.Build.0 = Release|Any CPU
	EndGlobalSection
	GlobalSection(SolutionProperties) = preSolution
		HideSolutionNode = FALSE
	EndGlobalSection
	GlobalSection(ExtensibilityGlobals) = postSolution
		SolutionGuid = {E071A6EA-0C27-4611-A2C2-44604A679BEF}
	EndGlobalSection
EndGlobal
