
Microsoft Visual Studio Solution File, Format Version 12.00
# Visual Studio Version 16
VisualStudioVersion = 16.0.30611.23
MinimumVisualStudioVersion = 10.0.40219.1
Project("{FAE04EC0-301F-11D3-BF4B-00C04F79EFBC}") = "lv2", "lv2.csproj", "{64DFECCB-0ABF-4A8C-B46D-42737336646F}"
EndProject
Global
	GlobalSection(SolutionConfigurationPlatforms) = preSolution
		Debug|Any CPU = Debug|Any CPU
		Release|Any CPU = Release|Any CPU
	EndGlobalSection
	GlobalSection(ProjectConfigurationPlatforms) = postSolution
		{64DFECCB-0ABF-4A8C-B46D-42737336646F}.Debug|Any CPU.ActiveCfg = Debug|Any CPU
		{64DFECCB-0ABF-4A8C-B46D-42737336646F}.Debug|Any CPU.Build.0 = Debug|Any CPU
		{64DFECCB-0ABF-4A8C-B46D-42737336646F}.Release|Any CPU.ActiveCfg = Release|Any CPU
		{64DFECCB-0ABF-4A8C-B46D-42737336646F}.Release|Any CPU.Build.0 = Release|Any CPU
	EndGlobalSection
	GlobalSection(SolutionProperties) = preSolution
		HideSolutionNode = FALSE
	EndGlobalSection
	GlobalSection(ExtensibilityGlobals) = postSolution
		SolutionGuid = {50C1F585-B84F-4C5A-A6F8-A32811BDD021}
	EndGlobalSection
EndGlobal
